{
  "requires": true,
  "lockfileVersion": 1,
  "dependencies": {
    "comlink": {
      "version": "4.3.0",
      "resolved": "https://registry.npmjs.org/comlink/-/comlink-4.3.0.tgz",
      "integrity": "sha512-mu4KKKNuW8TvkfpW/H88HBPeILubBS6T94BdD1VWBXNXfiyqVtwUCVNO1GeNOBTsIswzsMjWlycYr+77F5b84g=="
    }
  }
}
